
Microsoft Visual Studio Solution File, Format Version 12.00
# Visual Studio Version 17
VisualStudioVersion = 17.3.32922.545
MinimumVisualStudioVersion = 10.0.40219.1
Project("{8BC9CEB8-8B4A-11D0-8D11-00A0C91BC942}") = "sistema_estoque", "sistema_estoque.vcxproj", "{2EB80268-AE71-4617-989F-853478C55256}"
EndProject
Global
	GlobalSection(SolutionConfigurationPlatforms) = preSolution
		Debug|x64 = Debug|x64
		Debug|x86 = Debug|x86
		Release|x64 = Release|x64
		Release|x86 = Release|x86
	EndGlobalSection
	GlobalSection(ProjectConfigurationPlatforms) = postSolution
		{2EB80268-AE71-4617-989F-853478C55256}.Debug|x64.ActiveCfg = Debug|x64
		{2EB80268-AE71-4617-989F-853478C55256}.Debug|x64.Build.0 = Debug|x64
		{2EB80268-AE71-4617-989F-853478C55256}.Debug|x86.ActiveCfg = Debug|Win32
		{2EB80268-AE71-4617-989F-853478C55256}.Debug|x86.Build.0 = Debug|Win32
		{2EB80268-AE71-4617-989F-853478C55256}.Release|x64.ActiveCfg = Release|x64
		{2EB80268-AE71-4617-989F-853478C55256}.Release|x64.Build.0 = Release|x64
		{2EB80268-AE71-4617-989F-853478C55256}.Release|x86.ActiveCfg = Release|Win32
		{2EB80268-AE71-4617-989F-853478C55256}.Release|x86.Build.0 = Release|Win32
	EndGlobalSection
	GlobalSection(SolutionProperties) = preSolution
		HideSolutionNode = FALSE
	EndGlobalSection
	GlobalSection(ExtensibilityGlobals) = postSolution
		SolutionGuid = {27FD4BA2-F677-4EC9-9FF3-A849F29CBEB9}
	EndGlobalSection
EndGlobal
