
Microsoft Visual Studio Solution File, Format Version 12.00
# Visual Studio Version 17
VisualStudioVersion = 17.3.32922.545
MinimumVisualStudioVersion = 10.0.40219.1
Project("{8BC9CEB8-8B4A-11D0-8D11-00A0C91BC942}") = "Cadastro", "Cadastro\Cadastro.vcxproj", "{9AD2D37B-3D07-45FC-B860-05CEA5F69360}"
EndProject
Global
	GlobalSection(SolutionConfigurationPlatforms) = preSolution
		Debug|x64 = Debug|x64
		Debug|x86 = Debug|x86
		Release|x64 = Release|x64
		Release|x86 = Release|x86
	EndGlobalSection
	GlobalSection(ProjectConfigurationPlatforms) = postSolution
		{9AD2D37B-3D07-45FC-B860-05CEA5F69360}.Debug|x64.ActiveCfg = Debug|x64
		{9AD2D37B-3D07-45FC-B860-05CEA5F69360}.Debug|x64.Build.0 = Debug|x64
		{9AD2D37B-3D07-45FC-B860-05CEA5F69360}.Debug|x86.ActiveCfg = Debug|Win32
		{9AD2D37B-3D07-45FC-B860-05CEA5F69360}.Debug|x86.Build.0 = Debug|Win32
		{9AD2D37B-3D07-45FC-B860-05CEA5F69360}.Release|x64.ActiveCfg = Release|x64
		{9AD2D37B-3D07-45FC-B860-05CEA5F69360}.Release|x64.Build.0 = Release|x64
		{9AD2D37B-3D07-45FC-B860-05CEA5F69360}.Release|x86.ActiveCfg = Release|Win32
		{9AD2D37B-3D07-45FC-B860-05CEA5F69360}.Release|x86.Build.0 = Release|Win32
	EndGlobalSection
	GlobalSection(SolutionProperties) = preSolution
		HideSolutionNode = FALSE
	EndGlobalSection
	GlobalSection(ExtensibilityGlobals) = postSolution
		SolutionGuid = {354A7793-7612-48C2-BE6B-D3264A6C33EF}
	EndGlobalSection
EndGlobal
